PODS:
  - Alamofire (4.3.0)
  - IQKeyboardManagerSwift (4.0.8)
  - SwiftyJSON (3.1.4)

DEPENDENCIES:
  - Alamofire (~> 4.3)
  - IQKeyboardManagerSwift
  - SwiftyJSON

SPEC CHECKSUMS:
  Alamofire: 856a113053a7bc9cbe5d6367a555d773fc5cfef7
  IQKeyboardManagerSwift: c04bc9f68473823f825eb44d958fce98d921bead
  SwiftyJSON: c2842d878f95482ffceec5709abc3d05680c0220

PODFILE CHECKSUM: 71c8c4111a6cd6118bbc2ad008db9fc5e4504bdf

COCOAPODS: 1.2.0.rc.1
